version = 1
requires-python = "==3.12.*"

[[package]]
name = "devpod-demo"
version = "0.1.0"
source = { virtual = "." }
dependencies = [
    { name = "jax", extra = ["cuda12"] },
]

[package.metadata]
requires-dist = [{ name = "jax", extras = ["cuda12"], specifier = ">=0.5.0" }]

[[package]]
name = "jax"
version = "0.5.0"
source = { registry = "https://pypi.org/simple" }
dependencies = [
    { name = "jaxlib" },
    { name = "ml-dtypes" },
    { name = "numpy" },
    { name = "opt-einsum" },
    { name = "scipy" },
]
sdist = { url = "https://files.pythonhosted.org/packages/4a/cb/22d62b26284f08e62d6eb64603d3b010004cfdb7a97ce6cca5c6cf86edab/jax-0.5.0.tar.gz", hash = "sha256:49df70bf293a345a7fb519f71193506d37a024c4f850b358042eb32d502c81c8", size = 1959707 }
wheels = [
    { url = "https://files.pythonhosted.org/packages/f4/58/cc0721a1030fcbab0984beea0bf3c4610ec103f738423cdfa9c4ceb40598/jax-0.5.0-py3-none-any.whl", hash = "sha256:b3907aa87ae2c340b39cdbf80c07a74550369cafcaf7398fb60ba58d167345ab", size = 2270365 },
]

[package.optional-dependencies]
cuda12 = [
    { name = "jax-cuda12-plugin", extra = ["with-cuda"] },
    { name = "jaxlib" },
]

[[package]]
name = "jax-cuda12-pjrt"
version = "0.5.0"
source = { registry = "https://pypi.org/simple" }
wheels = [
    { url = "https://files.pythonhosted.org/packages/c5/a6/4b161016aaafe04d92e8d9a50b47e6767ea5cf874a8a9d2d1bcd049409d3/jax_cuda12_pjrt-0.5.0-py3-none-manylinux2014_aarch64.whl", hash = "sha256:6025cd4b32d8ec04a11705a749764cd96a6cbc8b6273beac947cc481f2584b8c", size = 89441461 },
    { url = "https://files.pythonhosted.org/packages/8e/ac/824ff70eb5b5dd2a4b597a2017ae62f24b9aaa5fd846f04c94dc447aa1ec/jax_cuda12_pjrt-0.5.0-py3-none-manylinux2014_x86_64.whl", hash = "sha256:d23833c1b885d96c2764000e95052f2b5827c77d492ea68f67e903a132656dbb", size = 103122594 },
]

[[package]]
name = "jax-cuda12-plugin"
version = "0.5.0"
source = { registry = "https://pypi.org/simple" }
dependencies = [
    { name = "jax-cuda12-pjrt" },
]
wheels = [
    { url = "https://files.pythonhosted.org/packages/29/d1/9e686c3501f7fb239b9c8f6ebc628d3d1afffd6735bd3f5e95c99af657d1/jax_cuda12_plugin-0.5.0-cp312-cp312-manylinux2014_aarch64.whl", hash = "sha256:a321cc98fa0524dcc9b9d134e8f305a0a334205a3a1a97c56fd8c97631753775", size = 16773136 },
    { url = "https://files.pythonhosted.org/packages/8a/60/044d5cdf04f802c2bb74b3b41fcf7c2a704b32e1ec8b09ca1cda14d19f72/jax_cuda12_plugin-0.5.0-cp312-cp312-manylinux2014_x86_64.whl", hash = "sha256:43058dfc565d8c9da69f47cd4e4b95c495f1686f289ef4584c2b72803e6f1607", size = 16731728 },
]

[package.optional-dependencies]
with-cuda = [
    { name = "nvidia-cublas-cu12" },
    { name = "nvidia-cuda-cupti-cu12" },
    { name = "nvidia-cuda-nvcc-cu12" },
    { name = "nvidia-cuda-runtime-cu12" },
    { name = "nvidia-cudnn-cu12" },
    { name = "nvidia-cufft-cu12" },
    { name = "nvidia-cusolver-cu12" },
    { name = "nvidia-cusparse-cu12" },
    { name = "nvidia-nccl-cu12" },
    { name = "nvidia-nvjitlink-cu12" },
]

[[package]]
name = "jaxlib"
version = "0.5.0"
source = { registry = "https://pypi.org/simple" }
dependencies = [
    { name = "ml-dtypes" },
    { name = "numpy" },
    { name = "scipy" },
]
wheels = [
    { url = "https://files.pythonhosted.org/packages/57/d6/d971b40cb156e0637aa3c1522a1e803b641142e9a8f3ade6a574711bb073/jaxlib-0.5.0-cp312-cp312-macosx_11_0_arm64.whl", hash = "sha256:73e335715760c56e635109d61426435a5d7f46f3363a115daea09427d5cd0efd", size = 79246087 },
    { url = "https://files.pythonhosted.org/packages/41/2e/ba9770330077c3e4082cd0353e6a61419f79bff3e2197f904ce70167b9ad/jaxlib-0.5.0-cp312-cp312-manylinux2014_aarch64.whl", hash = "sha256:4b4b01afb0ddec96c08356bff2bb685ddbe97fdffe4ed6e2d834b30aba972f22", size = 93179593 },
    { url = "https://files.pythonhosted.org/packages/66/e9/211ba3e46ec22c722c4d61a739cfccf79b0618006d6f5fa53eb4eb93ed6d/jaxlib-0.5.0-cp312-cp312-manylinux2014_x86_64.whl", hash = "sha256:f980c733e98c998a8da87c9a8cc61b6726d0be667a58bd664c1d717b4b4eae75", size = 101984785 },
    { url = "https://files.pythonhosted.org/packages/2d/cb/11bb92324afb6ba678f388e10b78d6b02196bc8887eb5aa0d85ce398edf9/jaxlib-0.5.0-cp312-cp312-win_amd64.whl", hash = "sha256:5baedbeeb60fa493c7528783254f04c6e986a2826266b198ed37e9336af2ef8c", size = 63899871 },
]

[[package]]
name = "ml-dtypes"
version = "0.5.1"
source = { registry = "https://pypi.org/simple" }
dependencies = [
    { name = "numpy" },
]
sdist = { url = "https://files.pythonhosted.org/packages/32/49/6e67c334872d2c114df3020e579f3718c333198f8312290e09ec0216703a/ml_dtypes-0.5.1.tar.gz", hash = "sha256:ac5b58559bb84a95848ed6984eb8013249f90b6bab62aa5acbad876e256002c9", size = 698772 }
wheels = [
    { url = "https://files.pythonhosted.org/packages/47/56/1bb21218e1e692506c220ffabd456af9733fba7aa1b14f73899979f4cc20/ml_dtypes-0.5.1-cp312-cp312-macosx_10_9_universal2.whl", hash = "sha256:6f462f5eca22fb66d7ff9c4744a3db4463af06c49816c4b6ac89b16bfcdc592e", size = 670372 },
    { url = "https://files.pythonhosted.org/packages/20/95/d8bd96a3b60e00bf31bd78ca4bdd2d6bbaf5acb09b42844432d719d34061/ml_dtypes-0.5.1-cp312-cp312-manylinux_2_17_aarch64.manylinux2014_aarch64.whl", hash = "sha256:6f76232163b5b9c34291b54621ee60417601e2e4802a188a0ea7157cd9b323f4", size = 4635946 },
    { url = "https://files.pythonhosted.org/packages/08/57/5d58fad4124192b1be42f68bd0c0ddaa26e44a730ff8c9337adade2f5632/ml_dtypes-0.5.1-cp312-cp312-manylinux_2_17_x86_64.manylinux2014_x86_64.whl", hash = "sha256:ad4953c5eb9c25a56d11a913c2011d7e580a435ef5145f804d98efa14477d390", size = 4694804 },
    { url = "https://files.pythonhosted.org/packages/38/bc/c4260e4a6c6bf684d0313308de1c860467275221d5e7daf69b3fcddfdd0b/ml_dtypes-0.5.1-cp312-cp312-win_amd64.whl", hash = "sha256:9626d0bca1fb387d5791ca36bacbba298c5ef554747b7ebeafefb4564fc83566", size = 210853 },
]

[[package]]
name = "numpy"
version = "2.2.2"
source = { registry = "https://pypi.org/simple" }
sdist = { url = "https://files.pythonhosted.org/packages/ec/d0/c12ddfd3a02274be06ffc71f3efc6d0e457b0409c4481596881e748cb264/numpy-2.2.2.tar.gz", hash = "sha256:ed6906f61834d687738d25988ae117683705636936cc605be0bb208b23df4d8f", size = 20233295 }
wheels = [
    { url = "https://files.pythonhosted.org/packages/0c/e6/847d15770ab7a01e807bdfcd4ead5bdae57c0092b7dc83878171b6af97bb/numpy-2.2.2-cp312-cp312-macosx_10_13_x86_64.whl", hash = "sha256:ac9bea18d6d58a995fac1b2cb4488e17eceeac413af014b1dd26170b766d8467", size = 20912636 },
    { url = "https://files.pythonhosted.org/packages/d1/af/f83580891577b13bd7e261416120e036d0d8fb508c8a43a73e38928b794b/numpy-2.2.2-cp312-cp312-macosx_11_0_arm64.whl", hash = "sha256:23ae9f0c2d889b7b2d88a3791f6c09e2ef827c2446f1c4a3e3e76328ee4afd9a", size = 14098403 },
    { url = "https://files.pythonhosted.org/packages/2b/86/d019fb60a9d0f1d4cf04b014fe88a9135090adfadcc31c1fadbb071d7fa7/numpy-2.2.2-cp312-cp312-macosx_14_0_arm64.whl", hash = "sha256:3074634ea4d6df66be04f6728ee1d173cfded75d002c75fac79503a880bf3825", size = 5128938 },
    { url = "https://files.pythonhosted.org/packages/7a/1b/50985edb6f1ec495a1c36452e860476f5b7ecdc3fc59ea89ccad3c4926c5/numpy-2.2.2-cp312-cp312-macosx_14_0_x86_64.whl", hash = "sha256:8ec0636d3f7d68520afc6ac2dc4b8341ddb725039de042faf0e311599f54eb37", size = 6661937 },
    { url = "https://files.pythonhosted.org/packages/f4/1b/17efd94cad1b9d605c3f8907fb06bcffc4ce4d1d14d46b95316cccccf2b9/numpy-2.2.2-cp312-cp312-manylinux_2_17_aarch64.manylinux2014_aarch64.whl", hash = "sha256:2ffbb1acd69fdf8e89dd60ef6182ca90a743620957afb7066385a7bbe88dc748", size = 14049518 },
    { url = "https://files.pythonhosted.org/packages/5b/73/65d2f0b698df1731e851e3295eb29a5ab8aa06f763f7e4188647a809578d/numpy-2.2.2-cp312-cp312-manylinux_2_17_x86_64.manylinux2014_x86_64.whl", hash = "sha256:0349b025e15ea9d05c3d63f9657707a4e1d471128a3b1d876c095f328f8ff7f0", size = 16099146 },
    { url = "https://files.pythonhosted.org/packages/d5/69/308f55c0e19d4b5057b5df286c5433822e3c8039ede06d4051d96f1c2c4e/numpy-2.2.2-cp312-cp312-musllinux_1_2_aarch64.whl", hash = "sha256:463247edcee4a5537841d5350bc87fe8e92d7dd0e8c71c995d2c6eecb8208278", size = 15246336 },
    { url = "https://files.pythonhosted.org/packages/f0/d8/d8d333ad0d8518d077a21aeea7b7c826eff766a2b1ce1194dea95ca0bacf/numpy-2.2.2-cp312-cp312-musllinux_1_2_x86_64.whl", hash = "sha256:9dd47ff0cb2a656ad69c38da850df3454da88ee9a6fde0ba79acceee0e79daba", size = 17863507 },
    { url = "https://files.pythonhosted.org/packages/82/6e/0b84ad3103ffc16d6673e63b5acbe7901b2af96c2837174c6318c98e27ab/numpy-2.2.2-cp312-cp312-win32.whl", hash = "sha256:4525b88c11906d5ab1b0ec1f290996c0020dd318af8b49acaa46f198b1ffc283", size = 6276491 },
    { url = "https://files.pythonhosted.org/packages/fc/84/7f801a42a67b9772a883223a0a1e12069a14626c81a732bd70aac57aebc1/numpy-2.2.2-cp312-cp312-win_amd64.whl", hash = "sha256:5acea83b801e98541619af398cc0109ff48016955cc0818f478ee9ef1c5c3dcb", size = 12616372 },
]

[[package]]
name = "nvidia-cublas-cu12"
version = "12.8.3.14"
source = { registry = "https://pypi.org/simple" }
wheels = [
    { url = "https://files.pythonhosted.org/packages/ed/63/684a6f72f52671ea222c12ecde9bdf748a0ba025e2ad3ec374e466c26eb6/nvidia_cublas_cu12-12.8.3.14-py3-none-manylinux_2_27_aarch64.whl", hash = "sha256:93a4e0e386cc7f6e56c822531396de8170ed17068a1e18f987574895044cd8c3", size = 604900717 },
    { url = "https://files.pythonhosted.org/packages/82/df/4b01f10069e23c641f116c62fc31e31e8dc361a153175d81561d15c8143b/nvidia_cublas_cu12-12.8.3.14-py3-none-manylinux_2_27_x86_64.whl", hash = "sha256:3f0e05e7293598cf61933258b73e66a160c27d59c4422670bf0b79348c04be44", size = 609620630 },
    { url = "https://files.pythonhosted.org/packages/6c/54/fbfa3315b936d3358517f7da5f9f2557c279bf210e5261f0cf66cc0f9832/nvidia_cublas_cu12-12.8.3.14-py3-none-win_amd64.whl", hash = "sha256:9ae5eae500aead01fc4bdfc458209df638b1a3551557ce11a78eea9ece602ae9", size = 578387959 },
]

[[package]]
name = "nvidia-cuda-cupti-cu12"
version = "12.8.57"
source = { registry = "https://pypi.org/simple" }
wheels = [
    { url = "https://files.pythonhosted.org/packages/fe/53/458956a65283c55c22ba40a65745bbe9ff20c10b68ea241bc575e20c0465/nvidia_cuda_cupti_cu12-12.8.57-py3-none-manylinux2014_aarch64.manylinux_2_17_aarch64.whl", hash = "sha256:ff154211724fd824e758ce176b66007b558eea19c9a5135fc991827ee147e317", size = 9526469 },
    { url = "https://files.pythonhosted.org/packages/39/6f/3683ecf4e38931971946777d231c2df00dd5c1c4c2c914c42ad8f9f4dca6/nvidia_cuda_cupti_cu12-12.8.57-py3-none-manylinux2014_x86_64.manylinux_2_17_x86_64.whl", hash = "sha256:8e0b2eb847de260739bee4a3f66fac31378f4ff49538ff527a38a01a9a39f950", size = 10237547 },
    { url = "https://files.pythonhosted.org/packages/3f/2a/cabe033045427beb042b70b394ac3fd7cfefe157c965268824011b16af67/nvidia_cuda_cupti_cu12-12.8.57-py3-none-win_amd64.whl", hash = "sha256:bbed719c52a476958a74cfc42f2b95a3fd6b3fd94eb40134acc4601feb4acac3", size = 7002337 },
]

[[package]]
name = "nvidia-cuda-nvcc-cu12"
version = "12.8.61"
source = { registry = "https://pypi.org/simple" }
wheels = [
    { url = "https://files.pythonhosted.org/packages/6d/9a/a3a8ad04049358a8de6f9b802793dcb2a7bee2e9b80a180cb294bee834c3/nvidia_cuda_nvcc_cu12-12.8.61-py3-none-manylinux2010_x86_64.manylinux_2_12_x86_64.whl", hash = "sha256:171f605044ba17bc455d19cad289946c3dbea029a90c60dfa7b88e545bc8e329", size = 40121651 },
    { url = "https://files.pythonhosted.org/packages/82/5a/ebbe914d4c3fd5bbe50277be79ff83b65692926458a9f1067a2e0472a36d/nvidia_cuda_nvcc_cu12-12.8.61-py3-none-manylinux2014_aarch64.manylinux_2_17_aarch64.whl", hash = "sha256:28604ec42aaa09035b0fb7111432e5121bc385580b30c55d2acfb7d644b16548", size = 38001465 },
    { url = "https://files.pythonhosted.org/packages/ea/36/52d63bcbe5a0bf4e5269098c9becae12d30508e5dedbab84a2cd9672b7da/nvidia_cuda_nvcc_cu12-12.8.61-py3-none-win_amd64.whl", hash = "sha256:4524739cfc080e9c9e53032912be8f020058e0a7186746d19acef3b6d916ea0b", size = 33410440 },
]

[[package]]
name = "nvidia-cuda-runtime-cu12"
version = "12.8.57"
source = { registry = "https://pypi.org/simple" }
wheels = [
    { url = "https://files.pythonhosted.org/packages/cd/9d/e77ec4227e70c6006195bdf410370f2d0e5abfa2dc0d1d315cacd57c5c88/nvidia_cuda_runtime_cu12-12.8.57-py3-none-manylinux2014_aarch64.manylinux_2_17_aarch64.whl", hash = "sha256:534ccebd967b6a44292678fa5da4f00666029cb2ed07a79515ea41ef31fe3ec7", size = 965264 },
    { url = "https://files.pythonhosted.org/packages/16/f6/0e1ef31f4753a44084310ba1a7f0abaf977ccd810a604035abb43421c057/nvidia_cuda_runtime_cu12-12.8.57-py3-none-manylinux2014_x86_64.manylinux_2_17_x86_64.whl", hash = "sha256:75342e28567340b7428ce79a5d6bb6ca5ff9d07b69e7ce00d2c7b4dc23eff0be", size = 954762 },
    { url = "https://files.pythonhosted.org/packages/16/ee/52508c74bee2a3de8d59c6fd9af4ca2f216052fa2bc916da3a6a7bb998af/nvidia_cuda_runtime_cu12-12.8.57-py3-none-win_amd64.whl", hash = "sha256:89be637e3ee967323865b85e0f147d75f9a5bd98360befa37481b02dd57af8f5", size = 944309 },
]

[[package]]
name = "nvidia-cudnn-cu12"
version = "9.7.0.66"
source = { registry = "https://pypi.org/simple" }
dependencies = [
    { name = "nvidia-cublas-cu12" },
]
wheels = [
    { url = "https://files.pythonhosted.org/packages/fe/8a/0efe67ee6d4d6e05d93e6deb9ae9520884e413f83dd2e012d62ec7e9589d/nvidia_cudnn_cu12-9.7.0.66-py3-none-manylinux_2_27_aarch64.whl", hash = "sha256:1bc9642c8c404603d674c52d3374d2973d07ec04bc5f97c0917a602451f4bdbd", size = 725752003 },
    { url = "https://files.pythonhosted.org/packages/4b/6d/afece827c6cb52d8a193e558a69a47012d27c34548450476594a876f9ba7/nvidia_cudnn_cu12-9.7.0.66-py3-none-manylinux_2_27_x86_64.whl", hash = "sha256:85dcabd71dbf40e16433a9ae3b2a2f013984f7a639ae6e80d30670175fec9ae0", size = 726710473 },
    { url = "https://files.pythonhosted.org/packages/92/1c/b1d2900ffff7a9ca09744c27f27c512556ae644cb9d01e6de3ad83750434/nvidia_cudnn_cu12-9.7.0.66-py3-none-win_amd64.whl", hash = "sha256:441ba9b6b58d7a4e47457c57e74d9d3fb114cff9ae816441d8ed263a42229568", size = 715864875 },
]

[[package]]
name = "nvidia-cufft-cu12"
version = "11.3.3.41"
source = { registry = "https://pypi.org/simple" }
dependencies = [
    { name = "nvidia-nvjitlink-cu12" },
]
wheels = [
    { url = "https://files.pythonhosted.org/packages/72/95/6157cb45a49f5090a470de42353a22a0ed5b13077886dca891b4b0e350fe/nvidia_cufft_cu12-11.3.3.41-py3-none-manylinux2014_aarch64.manylinux_2_17_aarch64.whl", hash = "sha256:68509dcd7e3306e69d0e2d8a6d21c8b25ed62e6df8aac192ce752f17677398b5", size = 193108626 },
    { url = "https://files.pythonhosted.org/packages/ac/26/b53c493c38dccb1f1a42e1a21dc12cba2a77fbe36c652f7726d9ec4aba28/nvidia_cufft_cu12-11.3.3.41-py3-none-manylinux2014_x86_64.manylinux_2_17_x86_64.whl", hash = "sha256:da650080ab79fcdf7a4b06aa1b460e99860646b176a43f6208099bdc17836b6a", size = 193118795 },
    { url = "https://files.pythonhosted.org/packages/32/f3/f6248aa119c2726b1bdd02d472332cae274133bd32ca5fa8822efb0c308c/nvidia_cufft_cu12-11.3.3.41-py3-none-win_amd64.whl", hash = "sha256:f9760612886786601d27a0993bb29ce1f757e6b8b173499d0ecfa850d31b50f8", size = 192216738 },
]

[[package]]
name = "nvidia-cusolver-cu12"
version = "11.7.2.55"
source = { registry = "https://pypi.org/simple" }
dependencies = [
    { name = "nvidia-cublas-cu12" },
    { name = "nvidia-cusparse-cu12" },
    { name = "nvidia-nvjitlink-cu12" },
]
wheels = [
    { url = "https://files.pythonhosted.org/packages/8c/ce/4214a892e804b20bf66d04f04a473006fc2d3dac158160ef85f1bc906639/nvidia_cusolver_cu12-11.7.2.55-py3-none-manylinux_2_27_aarch64.whl", hash = "sha256:0fd9e98246f43c15bee5561147ad235dfdf2d037f5d07c9d41af3f7f72feb7cc", size = 260094827 },
    { url = "https://files.pythonhosted.org/packages/c2/08/953675873a136d96bb12f93b49ba045d1107bc94d2551c52b12fa6c7dec3/nvidia_cusolver_cu12-11.7.2.55-py3-none-manylinux_2_27_x86_64.whl", hash = "sha256:4d1354102f1e922cee9db51920dba9e2559877cf6ff5ad03a00d853adafb191b", size = 260373342 },
    { url = "https://files.pythonhosted.org/packages/c4/f9/e0e6f8b7aecd13e0f9e937d116fb3211329a0a92b9bea9624b1368de307a/nvidia_cusolver_cu12-11.7.2.55-py3-none-win_amd64.whl", hash = "sha256:a5a516c55da5c5aba98420d9bc9bcab18245f21ec87338cc1f930eb18dd411ac", size = 249600787 },
]

[[package]]
name = "nvidia-cusparse-cu12"
version = "12.5.7.53"
source = { registry = "https://pypi.org/simple" }
dependencies = [
    { name = "nvidia-nvjitlink-cu12" },
]
wheels = [
    { url = "https://files.pythonhosted.org/packages/2e/a2/313db0453087f5324a5900380ca2e57e050c8de76f407b5e11383dc762ae/nvidia_cusparse_cu12-12.5.7.53-py3-none-manylinux2014_aarch64.manylinux_2_17_aarch64.whl", hash = "sha256:d869c6146ca80f4305b62e02d924b4aaced936f8173e3cef536a67eed2a91af1", size = 291963692 },
    { url = "https://files.pythonhosted.org/packages/c2/ab/31e8149c66213b846c082a3b41b1365b831f41191f9f40c6ddbc8a7d550e/nvidia_cusparse_cu12-12.5.7.53-py3-none-manylinux2014_x86_64.manylinux_2_17_x86_64.whl", hash = "sha256:3c1b61eb8c85257ea07e9354606b26397612627fdcd327bfd91ccf6155e7c86d", size = 292064180 },
    { url = "https://files.pythonhosted.org/packages/7c/48/64b01653919a3d1d9b5117c156806ab0db8312c7496ff646477a5c1545bf/nvidia_cusparse_cu12-12.5.7.53-py3-none-win_amd64.whl", hash = "sha256:82c201d6781bacf6bb7c654f0446728d0fe596dfdd82ef4a04c204ce3e107441", size = 288767123 },
]

[[package]]
name = "nvidia-nccl-cu12"
version = "2.25.1"
source = { registry = "https://pypi.org/simple" }
wheels = [
    { url = "https://files.pythonhosted.org/packages/4b/28/f62adab24f2d4b2165b22145af56a7598ab535feb6ccd172f76b9106ebaa/nvidia_nccl_cu12-2.25.1-py3-none-manylinux2014_aarch64.manylinux_2_17_aarch64.whl", hash = "sha256:4ab428bc915785cc66e8c57cb34c7a64cf739c46702b8db748b6ad6cc7180cf8", size = 201581984 },
    { url = "https://files.pythonhosted.org/packages/11/0c/8c78b7603f4e685624a3ea944940f1e75f36d71bd6504330511f4a0e1557/nvidia_nccl_cu12-2.25.1-py3-none-manylinux2014_x86_64.manylinux_2_17_x86_64.whl", hash = "sha256:362aed5963fb9ea2ed2f264409baae30143498fd0e5c503aeaa1badd88cdc54a", size = 201352353 },
]

[[package]]
name = "nvidia-nvjitlink-cu12"
version = "12.8.61"
source = { registry = "https://pypi.org/simple" }
wheels = [
    { url = "https://files.pythonhosted.org/packages/03/f8/9d85593582bd99b8d7c65634d2304780aefade049b2b94d96e44084be90b/nvidia_nvjitlink_cu12-12.8.61-py3-none-manylinux2010_x86_64.manylinux_2_12_x86_64.whl", hash = "sha256:45fd79f2ae20bd67e8bc411055939049873bfd8fac70ff13bd4865e0b9bdab17", size = 39243473 },
    { url = "https://files.pythonhosted.org/packages/af/53/698f3758f48c5fcb1112721e40cc6714da3980d3c7e93bae5b29dafa9857/nvidia_nvjitlink_cu12-12.8.61-py3-none-manylinux2014_aarch64.manylinux_2_17_aarch64.whl", hash = "sha256:9b80ecab31085dda3ce3b41d043be0ec739216c3fc633b8abe212d5a30026df0", size = 38374634 },
    { url = "https://files.pythonhosted.org/packages/7f/c6/0d1b2bfeb2ef42c06db0570c4d081e5cde4450b54c09e43165126cfe6ff6/nvidia_nvjitlink_cu12-12.8.61-py3-none-win_amd64.whl", hash = "sha256:1166a964d25fdc0eae497574d38824305195a5283324a21ccb0ce0c802cbf41c", size = 268514099 },
]

[[package]]
name = "opt-einsum"
version = "3.4.0"
source = { registry = "https://pypi.org/simple" }
sdist = { url = "https://files.pythonhosted.org/packages/8c/b9/2ac072041e899a52f20cf9510850ff58295003aa75525e58343591b0cbfb/opt_einsum-3.4.0.tar.gz", hash = "sha256:96ca72f1b886d148241348783498194c577fa30a8faac108586b14f1ba4473ac", size = 63004 }
wheels = [
    { url = "https://files.pythonhosted.org/packages/23/cd/066e86230ae37ed0be70aae89aabf03ca8d9f39c8aea0dec8029455b5540/opt_einsum-3.4.0-py3-none-any.whl", hash = "sha256:69bb92469f86a1565195ece4ac0323943e83477171b91d24c35afe028a90d7cd", size = 71932 },
]

[[package]]
name = "scipy"
version = "1.15.1"
source = { registry = "https://pypi.org/simple" }
dependencies = [
    { name = "numpy" },
]
sdist = { url = "https://files.pythonhosted.org/packages/76/c6/8eb0654ba0c7d0bb1bf67bf8fbace101a8e4f250f7722371105e8b6f68fc/scipy-1.15.1.tar.gz", hash = "sha256:033a75ddad1463970c96a88063a1df87ccfddd526437136b6ee81ff0312ebdf6", size = 59407493 }
wheels = [
    { url = "https://files.pythonhosted.org/packages/d8/6e/a9c42d0d39e09ed7fd203d0ac17adfea759cba61ab457671fe66e523dbec/scipy-1.15.1-cp312-cp312-macosx_10_13_x86_64.whl", hash = "sha256:c09aa9d90f3500ea4c9b393ee96f96b0ccb27f2f350d09a47f533293c78ea776", size = 41478318 },
    { url = "https://files.pythonhosted.org/packages/04/ee/e3e535c81828618878a7433992fecc92fa4df79393f31a8fea1d05615091/scipy-1.15.1-cp312-cp312-macosx_12_0_arm64.whl", hash = "sha256:0ac102ce99934b162914b1e4a6b94ca7da0f4058b6d6fd65b0cef330c0f3346f", size = 32596696 },
    { url = "https://files.pythonhosted.org/packages/c4/5e/b1b0124be8e76f87115f16b8915003eec4b7060298117715baf13f51942c/scipy-1.15.1-cp312-cp312-macosx_14_0_arm64.whl", hash = "sha256:09c52320c42d7f5c7748b69e9f0389266fd4f82cf34c38485c14ee976cb8cb04", size = 24870366 },
    { url = "https://files.pythonhosted.org/packages/14/36/c00cb73eefda85946172c27913ab995c6ad4eee00fa4f007572e8c50cd51/scipy-1.15.1-cp312-cp312-macosx_14_0_x86_64.whl", hash = "sha256:cdde8414154054763b42b74fe8ce89d7f3d17a7ac5dd77204f0e142cdc9239e9", size = 28007461 },
    { url = "https://files.pythonhosted.org/packages/68/94/aff5c51b3799349a9d1e67a056772a0f8a47db371e83b498d43467806557/scipy-1.15.1-cp312-cp312-manylinux_2_17_aarch64.manylinux2014_aarch64.whl", hash = "sha256:4c9d8fc81d6a3b6844235e6fd175ee1d4c060163905a2becce8e74cb0d7554ce", size = 38068174 },
    { url = "https://files.pythonhosted.org/packages/b0/3c/0de11ca154e24a57b579fb648151d901326d3102115bc4f9a7a86526ce54/scipy-1.15.1-cp312-cp312-manylinux_2_17_x86_64.manylinux2014_x86_64.whl", hash = "sha256:0fb57b30f0017d4afa5fe5f5b150b8f807618819287c21cbe51130de7ccdaed2", size = 40249869 },
    { url = "https://files.pythonhosted.org/packages/15/09/472e8d0a6b33199d1bb95e49bedcabc0976c3724edd9b0ef7602ccacf41e/scipy-1.15.1-cp312-cp312-musllinux_1_2_x86_64.whl", hash = "sha256:491d57fe89927fa1aafbe260f4cfa5ffa20ab9f1435025045a5315006a91b8f5", size = 42629068 },
    { url = "https://files.pythonhosted.org/packages/ff/ba/31c7a8131152822b3a2cdeba76398ffb404d81d640de98287d236da90c49/scipy-1.15.1-cp312-cp312-win_amd64.whl", hash = "sha256:900f3fa3db87257510f011c292a5779eb627043dd89731b9c461cd16ef76ab3d", size = 43621992 },
]
